
Microsoft Visual Studio Solution File, Format Version 12.00
# Visual Studio Version 16
VisualStudioVersion = 16.0.29920.165
MinimumVisualStudioVersion = 10.0.40219.1
Project("{9A19103F-16F7-4668-BE54-9A1E7A4F7556}") = "VirtualizationTool", "HttpListener\VirtualizationTool.csproj", "{A30C8863-9A56-4323-B111-5927E2F6A6DF}"
EndProject
Global
	GlobalSection(SolutionConfigurationPlatforms) = preSolution
		Debug|Any CPU = Debug|Any CPU
		Release|Any CPU = Release|Any CPU
	EndGlobalSection
	GlobalSection(ProjectConfigurationPlatforms) = postSolution
		{A30C8863-9A56-4323-B111-5927E2F6A6DF}.Debug|Any CPU.ActiveCfg = Debug|Any CPU
		{A30C8863-9A56-4323-B111-5927E2F6A6DF}.Debug|Any CPU.Build.0 = Debug|Any CPU
		{A30C8863-9A56-4323-B111-5927E2F6A6DF}.Release|Any CPU.ActiveCfg = Release|Any CPU
		{A30C8863-9A56-4323-B111-5927E2F6A6DF}.Release|Any CPU.Build.0 = Release|Any CPU
	EndGlobalSection
	GlobalSection(SolutionProperties) = preSolution
		HideSolutionNode = FALSE
	EndGlobalSection
	GlobalSection(ExtensibilityGlobals) = postSolution
		SolutionGuid = {3CE0D918-F16E-407D-BAAD-87BE89F98B7B}
	EndGlobalSection
EndGlobal
